
Microsoft Visual Studio Solution File, Format Version 12.00
# Visual Studio Version 17
VisualStudioVersion = 17.7.34202.233
MinimumVisualStudioVersion = 10.0.40219.1
Project("{FAE04EC0-301F-11D3-BF4B-00C04F79EFBC}") = "FeedBack", "FeedBack\FeedBack.csproj", "{7E2800A6-A5AF-4968-8881-1EB6810632B6}"
EndProject
Global
	GlobalSection(SolutionConfigurationPlatforms) = preSolution
		Debug|Any CPU = Debug|Any CPU
		Release|Any CPU = Release|Any CPU
	EndGlobalSection
	GlobalSection(ProjectConfigurationPlatforms) = postSolution
		{7E2800A6-A5AF-4968-8881-1EB6810632B6}.Debug|Any CPU.ActiveCfg = Debug|Any CPU
		{7E2800A6-A5AF-4968-8881-1EB6810632B6}.Debug|Any CPU.Build.0 = Debug|Any CPU
		{7E2800A6-A5AF-4968-8881-1EB6810632B6}.Release|Any CPU.ActiveCfg = Release|Any CPU
		{7E2800A6-A5AF-4968-8881-1EB6810632B6}.Release|Any CPU.Build.0 = Release|Any CPU
	EndGlobalSection
	GlobalSection(SolutionProperties) = preSolution
		HideSolutionNode = FALSE
	EndGlobalSection
	GlobalSection(ExtensibilityGlobals) = postSolution
		SolutionGuid = {A56D671C-98E0-483C-B798-0FFD23AF39F7}
	EndGlobalSection
EndGlobal
